// !$*UTF8*$!
{
	archiveVersion = 1;
	classes = {
	};
	objectVersion = 46;
	objects = {

/* Begin PBXBuildFile section */
		BC2368731CA913F600B8BAF1 /* AppDelegate.swift in Sources */ = {isa = PBXBuildFile; fileRef = BC2368721CA913F600B8BAF1 /* AppDelegate.swift */; };
		BC2368751CA913F600B8BAF1 /* ViewController.swift in Sources */ = {isa = PBXBuildFile; fileRef = BC2368741CA913F600B8BAF1 /* ViewController.swift */; };
		BC2368781CA913F600B8BAF1 /* Main.storyboard in Resources */ = {isa = PBXBuildFile; fileRef = BC2368761CA913F600B8BAF1 /* Main.storyboard */; };
		BC23687B1CA913F600B8BAF1 /* iFW.xcdatamodeld in Sources */ = {isa = PBXBuildFile; fileRef = BC2368791CA913F600B8BAF1 /* iFW.xcdatamodeld */; };
		BC23687D1CA913F600B8BAF1 /* Assets.xcassets in Resources */ = {isa = PBXBuildFile; fileRef = BC23687C1CA913F600B8BAF1 /* Assets.xcassets */; };
		BC2368801CA913F600B8BAF1 /* LaunchScreen.storyboard in Resources */ = {isa = PBXBuildFile; fileRef = BC23687E1CA913F600B8BAF1 /* LaunchScreen.storyboard */; };
/* End PBXBuildFile section */

/* Begin PBXFileReference section */
		BC23686F1CA913F600B8BAF1 /* iFW.app */ = {isa = PBXFileReference; explicitFileType = wrapper.application; includeInIndex = 0; path = iFW.app; sourceTree = BUILT_PRODUCTS_DIR; };
		BC2368721CA913F600B8BAF1 /* AppDelegate.swift */ = {isa = PBXFileReference; lastKnownFileType = sourcecode.swift; path = AppDelegate.swift; sourceTree = "<group>"; };
		BC2368741CA913F600B8BAF1 /* ViewController.swift */ = {isa = PBXFileReference; lastKnownFileType = sourcecode.swift; path = ViewController.swift; sourceTree = "<group>"; };
		BC2368771CA913F600B8BAF1 /* Base */ = {isa = PBXFileReference; lastKnownFileType = file.storyboard; name = Base; path = Base.lproj/Main.storyboard; sourceTree = "<group>"; };
		BC23687A1CA913F600B8BAF1 /* iFW.xcdatamodel */ = {isa = PBXFileReference; lastKnownFileType = wrapper.xcdatamodel; path = iFW.xcdatamodel; sourceTree = "<group>"; };
		BC23687C1CA913F600B8BAF1 /* Assets.xcassets */ = {isa = PBXFileReference; lastKnownFileType = folder.assetcatalog; path = Assets.xcassets; sourceTree = "<group>"; };
		BC23687F1CA913F600B8BAF1 /* Base */ = {isa = PBXFileReference; lastKnownFileType = file.storyboard; name = Base; path = Base.lproj/LaunchScreen.storyboard; sourceTree = "<group>"; };
		BC2368811CA913F600B8BAF1 /* Info.plist */ = {isa = PBXFileReference; lastKnownFileType = text.plist.xml; path = Info.plist; sourceTree = "<group>"; };
/* End PBXFileReference section */

/* Begin PBXFrameworksBuildPhase section */
		BC23686C1CA913F600B8BAF1 /* Frameworks */ = {
			isa = PBXFrameworksBuildPhase;
			buildActionMask = 2147483647;
			files = (
			);
			runOnlyForDeploymentPostprocessing = 0;
		};
/* End PBXFrameworksBuildPhase section */

/* Begin PBXGroup section */
		BC2368661CA913F600B8BAF1 = {
			isa = PBXGroup;
			children = (
				BC2368711CA913F600B8BAF1 /* iFW */,
				BC2368701CA913F600B8BAF1 /* Products */,
			);
			sourceTree = "<group>";
		};
		BC2368701CA913F600B8BAF1 /* Products */ = {
			isa = PBXGroup;
			children = (
				BC23686F1CA913F600B8BAF1 /* iFW.app */,
			);
			name = Products;
			sourceTree = "<group>";
		};
		BC2368711CA913F600B8BAF1 /* iFW */ = {
			isa = PBXGroup;
			children = (
				BC2368721CA913F600B8BAF1 /* AppDelegate.swift */,
				BC2368741CA913F600B8BAF1 /* ViewController.swift */,
				BC2368761CA913F600B8BAF1 /* Main.storyboard */,
				BC23687C1CA913F600B8BAF1 /* Assets.xcassets */,
				BC23687E1CA913F600B8BAF1 /* LaunchScreen.storyboard */,
				BC2368811CA913F600B8BAF1 /* Info.plist */,
				BC2368791CA913F600B8BAF1 /* iFW.xcdatamodeld */,
			);
			path = iFW;
			sourceTree = "<group>";
		};
/* End PBXGroup section */

/* Begin PBXNativeTarget section */
		BC23686E1CA913F600B8BAF1 /* iFW */ = {
			isa = PBXNativeTarget;
			buildConfigurationList = BC2368841CA913F600B8BAF1 /* Build configuration list for PBXNativeTarget "iFW" */;
			buildPhases = (
				BC23686B1CA913F600B8BAF1 /* Sources */,
				BC23686C1CA913F600B8BAF1 /* Frameworks */,
				BC23686D1CA913F600B8BAF1 /* Resources */,
			);
			buildRules = (
			);
			dependencies = (
			);
			name = iFW;
			productName = iFW;
			productReference = BC23686F1CA913F600B8BAF1 /* iFW.app */;
			productType = "com.apple.product-type.application";
		};
/* End PBXNativeTarget section */

/* Begin PBXProject section */
		BC2368671CA913F600B8BAF1 /* Project object */ = {
			isa = PBXProject;
			attributes = {
				LastSwiftUpdateCheck = 0730;
				LastUpgradeCheck = 0730;
				ORGANIZATIONNAME = "George Dan";
				TargetAttributes = {
					BC23686E1CA913F600B8BAF1 = {
						CreatedOnToolsVersion = 7.3;
					};
				};
			};
			buildConfigurationList = BC23686A1CA913F600B8BAF1 /* Build configuration list for PBXProject "iFW" */;
			compatibilityVersion = "Xcode 3.2";
			developmentRegion = English;
			hasScannedForEncodings = 0;
			knownRegions = (
				en,
				Base,
			);
			mainGroup = BC2368661CA913F600B8BAF1;
			productRefGroup = BC2368701CA913F600B8BAF1 /* Products */;
			projectDirPath = "";
			projectRoot = "";
			targets = (
				BC23686E1CA913F600B8BAF1 /* iFW */,
			);
		};
/* End PBXProject section */

/* Begin PBXResourcesBuildPhase section */
		BC23686D1CA913F600B8BAF1 /* Resources */ = {
			isa = PBXResourcesBuildPhase;
			buildActionMask = 2147483647;
			files = (
				BC2368801CA913F600B8BAF1 /* LaunchScreen.storyboard in Resources */,
				BC23687D1CA913F600B8BAF1 /* Assets.xcassets in Resources */,
				BC2368781CA913F600B8BAF1 /* Main.storyboard in Resources */,
			);
			runOnlyForDeploymentPostprocessing = 0;
		};
/* End PBXResourcesBuildPhase section */

/* Begin PBXSourcesBuildPhase section */
		BC23686B1CA913F600B8BAF1 /* Sources */ = {
			isa = PBXSourcesBuildPhase;
			buildActionMask = 2147483647;
			files = (
				BC2368751CA913F600B8BAF1 /* ViewController.swift in Sources */,
				BC23687B1CA913F600B8BAF1 /* iFW.xcdatamodeld in Sources */,
				BC2368731CA913F600B8BAF1 /* AppDelegate.swift in Sources */,
			);
			runOnlyForDeploymentPostprocessing = 0;
		};
/* End PBXSourcesBuildPhase section */

/* Begin PBXVariantGroup section */
		BC2368761CA913F600B8BAF1 /* Main.storyboard */ = {
			isa = PBXVariantGroup;
			children = (
				BC2368771CA913F600B8BAF1 /* Base */,
			);
			name = Main.storyboard;
			sourceTree = "<group>";
		};
		BC23687E1CA913F600B8BAF1 /* LaunchScreen.storyboard */ = {
			isa = PBXVariantGroup;
			children = (
				BC23687F1CA913F600B8BAF1 /* Base */,
			);
			name = LaunchScreen.storyboard;
			sourceTree = "<group>";
		};
/* End PBXVariantGroup section */

/* Begin XCBuildConfiguration section */
		BC2368821CA913F600B8BAF1 /* Debug */ = {
			isa = XCBuildConfiguration;
			buildSettings = {
				ALWAYS_SEARCH_USER_PATHS = NO;
				CLANG_ANALYZER_NONNULL = YES;
				CLANG_CXX_LANGUAGE_STANDARD = "gnu++0x";
				CLANG_CXX_LIBRARY = "libc++";
				CLANG_ENABLE_MODULES = YES;
				CLANG_ENABLE_OBJC_ARC = YES;
				CLANG_WARN_BOOL_CONVERSION = YES;
				CLANG_WARN_CONSTANT_CONVERSION = YES;
				CLANG_WARN_DIRECT_OBJC_ISA_USAGE = YES_ERROR;
				CLANG_WARN_EMPTY_BODY = YES;
				CLANG_WARN_ENUM_CONVERSION = YES;
				CLANG_WARN_INT_CONVERSION = YES;
				CLANG_WARN_OBJC_ROOT_CLASS = YES_ERROR;
				CLANG_WARN_UNREACHABLE_CODE = YES;
				CLANG_WARN__DUPLICATE_METHOD_MATCH = YES;
				"CODE_SIGN_IDENTITY[sdk=iphoneos*]" = "iPhone Developer";
				COPY_PHASE_STRIP = NO;
				DEBUG_INFORMATION_FORMAT = dwarf;
				ENABLE_STRICT_OBJC_MSGSEND = YES;
				ENABLE_TESTABILITY = YES;
				GCC_C_LANGUAGE_STANDARD = gnu99;
				GCC_DYNAMIC_NO_PIC = NO;
				GCC_NO_COMMON_BLOCKS = YES;
				GCC_OPTIMIZATION_LEVEL = 0;
				GCC_PREPROCESSOR_DEFINITIONS = (
					"DEBUG=1",
					"$(inherited)",
				);
				GCC_WARN_64_TO_32_BIT_CONVERSION = YES;
				GCC_WARN_ABOUT_RETURN_TYPE = YES_ERROR;
				GCC_WARN_UNDECLARED_SELECTOR = YES;
				GCC_WARN_UNINITIALIZED_AUTOS = YES_AGGRESSIVE;
				GCC_WARN_UNUSED_FUNCTION = YES;
				GCC_WARN_UNUSED_VARIABLE = YES;
				IPHONEOS_DEPLOYMENT_TARGET = 9.3;
				MTL_ENABLE_DEBUG_INFO = YES;
				ONLY_ACTIVE_ARCH = YES;
				SDKROOT = iphoneos;
				SWIFT_OPTIMIZATION_LEVEL = "-Onone";
			};
			name = Debug;
		};
		BC2368831CA913F600B8BAF1 /* Release */ = {
			isa = XCBuildConfiguration;
			buildSettings = {
				ALWAYS_SEARCH_USER_PATHS = NO;
				CLANG_ANALYZER_NONNULL = YES;
				CLANG_CXX_LANGUAGE_STANDARD = "gnu++0x";
				CLANG_CXX_LIBRARY = "libc++";
				CLANG_ENABLE_MODULES = YES;
				CLANG_ENABLE_OBJC_ARC = YES;
				CLANG_WARN_BOOL_CONVERSION = YES;
				CLANG_WARN_CONSTANT_CONVERSION = YES;
				CLANG_WARN_DIRECT_OBJC_ISA_USAGE = YES_ERROR;
				CLANG_WARN_EMPTY_BODY = YES;
				CLANG_WARN_ENUM_CONVERSION = YES;
				CLANG_WARN_INT_CONVERSION = YES;
				CLANG_WARN_OBJC_ROOT_CLASS = YES_ERROR;
				CLANG_WARN_UNREACHABLE_CODE = YES;
				CLANG_WARN__DUPLICATE_METHOD_MATCH = YES;
				"CODE_SIGN_IDENTITY[sdk=iphoneos*]" = "iPhone Developer";
				COPY_PHASE_STRIP = NO;
				DEBUG_INFORMATION_FORMAT = "dwarf-with-dsym";
				ENABLE_NS_ASSERTIONS = NO;
				ENABLE_STRICT_OBJC_MSGSEND = YES;
				GCC_C_LANGUAGE_STANDARD = gnu99;
				GCC_NO_COMMON_BLOCKS = YES;
				GCC_WARN_64_TO_32_BIT_CONVERSION = YES;
				GCC_WARN_ABOUT_RETURN_TYPE = YES_ERROR;
				GCC_WARN_UNDECLARED_SELECTOR = YES;
				GCC_WARN_UNINITIALIZED_AUTOS = YES_AGGRESSIVE;
				GCC_WARN_UNUSED_FUNCTION = YES;
				GCC_WARN_UNUSED_VARIABLE = YES;
				IPHONEOS_DEPLOYMENT_TARGET = 9.3;
				MTL_ENABLE_DEBUG_INFO = NO;
				SDKROOT = iphoneos;
				VALIDATE_PRODUCT = YES;
			};
			name = Release;
		};
		BC2368851CA913F600B8BAF1 /* Debug */ = {
			isa = XCBuildConfiguration;
			buildSettings = {
				ASSETCATALOG_COMPILER_APPICON_NAME = AppIcon;
				INFOPLIST_FILE = iFW/Info.plist;
				LD_RUNPATH_SEARCH_PATHS = "$(inherited) @executable_path/Frameworks";
				PRODUCT_BUNDLE_IDENTIFIER = com.ninjaprawn.iFW;
				PRODUCT_NAME = "$(TARGET_NAME)";
			};
			name = Debug;
		};
		BC2368861CA913F600B8BAF1 /* Release */ = {
			isa = XCBuildConfiguration;
			buildSettings = {
				ASSETCATALOG_COMPILER_APPICON_NAME = AppIcon;
				INFOPLIST_FILE = iFW/Info.plist;
				LD_RUNPATH_SEARCH_PATHS = "$(inherited) @executable_path/Frameworks";
				PRODUCT_BUNDLE_IDENTIFIER = com.ninjaprawn.iFW;
				PRODUCT_NAME = "$(TARGET_NAME)";
			};
			name = Release;
		};
/* End XCBuildConfiguration section */

/* Begin XCConfigurationList section */
		BC23686A1CA913F600B8BAF1 /* Build configuration list for PBXProject "iFW" */ = {
			isa = XCConfigurationList;
			buildConfigurations = (
				BC2368821CA913F600B8BAF1 /* Debug */,
				BC2368831CA913F600B8BAF1 /* Release */,
			);
			defaultConfigurationIsVisible = 0;
			defaultConfigurationName = Release;
		};
		BC2368841CA913F600B8BAF1 /* Build configuration list for PBXNativeTarget "iFW" */ = {
			isa = XCConfigurationList;
			buildConfigurations = (
				BC2368851CA913F600B8BAF1 /* Debug */,
				BC2368861CA913F600B8BAF1 /* Release */,
			);
			defaultConfigurationIsVisible = 0;
		};
/* End XCConfigurationList section */

/* Begin XCVersionGroup section */
		BC2368791CA913F600B8BAF1 /* iFW.xcdatamodeld */ = {
			isa = XCVersionGroup;
			children = (
				BC23687A1CA913F600B8BAF1 /* iFW.xcdatamodel */,
			);
			currentVersion = BC23687A1CA913F600B8BAF1 /* iFW.xcdatamodel */;
			path = iFW.xcdatamodeld;
			sourceTree = "<group>";
			versionGroupType = wrapper.xcdatamodel;
		};
/* End XCVersionGroup section */
	};
	rootObject = BC2368671CA913F600B8BAF1 /* Project object */;
}
