// !$*UTF8*$!
{
	archiveVersion = 1;
	classes = {
	};
	objectVersion = 46;
	objects = {

/* Begin PBXBuildFile section */
		BC1D83151CAA80B50053DD3F /* Device+CoreDataProperties.swift in Sources */ = {isa = PBXBuildFile; fileRef = BC1D83111CAA80B50053DD3F /* Device+CoreDataProperties.swift */; };
		BC1D83161CAA80B50053DD3F /* Device.swift in Sources */ = {isa = PBXBuildFile; fileRef = BC1D83121CAA80B50053DD3F /* Device.swift */; };
		BC1D83171CAA80B50053DD3F /* Firmware+CoreDataProperties.swift in Sources */ = {isa = PBXBuildFile; fileRef = BC1D83131CAA80B50053DD3F /* Firmware+CoreDataProperties.swift */; };
		BC1D83181CAA80B50053DD3F /* Firmware.swift in Sources */ = {isa = PBXBuildFile; fileRef = BC1D83141CAA80B50053DD3F /* Firmware.swift */; };
		BC2368731CA913F600B8BAF1 /* AppDelegate.swift in Sources */ = {isa = PBXBuildFile; fileRef = BC2368721CA913F600B8BAF1 /* AppDelegate.swift */; };
		BC2368751CA913F600B8BAF1 /* ViewController.swift in Sources */ = {isa = PBXBuildFile; fileRef = BC2368741CA913F600B8BAF1 /* ViewController.swift */; };
		BC2368781CA913F600B8BAF1 /* Main.storyboard in Resources */ = {isa = PBXBuildFile; fileRef = BC2368761CA913F600B8BAF1 /* Main.storyboard */; };
		BC23687B1CA913F600B8BAF1 /* iFW.xcdatamodeld in Sources */ = {isa = PBXBuildFile; fileRef = BC2368791CA913F600B8BAF1 /* iFW.xcdatamodeld */; };
		BC23687D1CA913F600B8BAF1 /* Assets.xcassets in Resources */ = {isa = PBXBuildFile; fileRef = BC23687C1CA913F600B8BAF1 /* Assets.xcassets */; };
		BC2368801CA913F600B8BAF1 /* LaunchScreen.storyboard in Resources */ = {isa = PBXBuildFile; fileRef = BC23687E1CA913F600B8BAF1 /* LaunchScreen.storyboard */; };
		BC2368891CA9151500B8BAF1 /* APIManager.swift in Sources */ = {isa = PBXBuildFile; fileRef = BC2368881CA9151500B8BAF1 /* APIManager.swift */; };
		BC23688B1CA9153200B8BAF1 /* CoreData.framework in Frameworks */ = {isa = PBXBuildFile; fileRef = BC23688A1CA9153200B8BAF1 /* CoreData.framework */; };
		BC23688F1CA9192E00B8BAF1 /* CDManager.swift in Sources */ = {isa = PBXBuildFile; fileRef = BC23688E1CA9192E00B8BAF1 /* CDManager.swift */; };
		BC33E2F01CB2197A00E4885B /* NSDate+dateFromInternetDateTimeString.swift in Sources */ = {isa = PBXBuildFile; fileRef = BC33E2EB1CB2197A00E4885B /* NSDate+dateFromInternetDateTimeString.swift */; };
		BC33E2F11CB2197A00E4885B /* RSSFeed.swift in Sources */ = {isa = PBXBuildFile; fileRef = BC33E2EC1CB2197A00E4885B /* RSSFeed.swift */; };
		BC33E2F21CB2197A00E4885B /* RSSItem.swift in Sources */ = {isa = PBXBuildFile; fileRef = BC33E2ED1CB2197A00E4885B /* RSSItem.swift */; };
		BC33E2F31CB2197A00E4885B /* RSSParser.swift in Sources */ = {isa = PBXBuildFile; fileRef = BC33E2EE1CB2197A00E4885B /* RSSParser.swift */; };
		BC33E2F41CB2197A00E4885B /* String+imageLinksFromHTML.swift in Sources */ = {isa = PBXBuildFile; fileRef = BC33E2EF1CB2197A00E4885B /* String+imageLinksFromHTML.swift */; };
		BCA2F6DC1CAD10D000EF3DEB /* FirmwareTableViewController.swift in Sources */ = {isa = PBXBuildFile; fileRef = BCA2F6DB1CAD10D000EF3DEB /* FirmwareTableViewController.swift */; };
		BCA4C4661CAF382500B8BF89 /* condensed.json in Resources */ = {isa = PBXBuildFile; fileRef = BCA4C4651CAF382500B8BF89 /* condensed.json */; };
		BCBFFE441CB1EFFF00774B09 /* NewsTableViewController.swift in Sources */ = {isa = PBXBuildFile; fileRef = BCBFFE431CB1EFFF00774B09 /* NewsTableViewController.swift */; };
		FA2EDC4515DA770E7773A597 /* Pods.framework in Frameworks */ = {isa = PBXBuildFile; fileRef = 0DC13062FF210198DFE806AA /* Pods.framework */; };
/* End PBXBuildFile section */

/* Begin PBXFileReference section */
		0DC13062FF210198DFE806AA /* Pods.framework */ = {isa = PBXFileReference; explicitFileType = wrapper.framework; includeInIndex = 0; path = Pods.framework; sourceTree = BUILT_PRODUCTS_DIR; };
		5DBAF013688991A1F014F1B0 /* Pods.release.xcconfig */ = {isa = PBXFileReference; includeInIndex = 1; lastKnownFileType = text.xcconfig; name = Pods.release.xcconfig; path = "Pods/Target Support Files/Pods/Pods.release.xcconfig"; sourceTree = "<group>"; };
		BC1D83111CAA80B50053DD3F /* Device+CoreDataProperties.swift */ = {isa = PBXFileReference; fileEncoding = 4; lastKnownFileType = sourcecode.swift; path = "Device+CoreDataProperties.swift"; sourceTree = "<group>"; };
		BC1D83121CAA80B50053DD3F /* Device.swift */ = {isa = PBXFileReference; fileEncoding = 4; lastKnownFileType = sourcecode.swift; path = Device.swift; sourceTree = "<group>"; };
		BC1D83131CAA80B50053DD3F /* Firmware+CoreDataProperties.swift */ = {isa = PBXFileReference; fileEncoding = 4; lastKnownFileType = sourcecode.swift; path = "Firmware+CoreDataProperties.swift"; sourceTree = "<group>"; };
		BC1D83141CAA80B50053DD3F /* Firmware.swift */ = {isa = PBXFileReference; fileEncoding = 4; lastKnownFileType = sourcecode.swift; path = Firmware.swift; sourceTree = "<group>"; };
		BC23686F1CA913F600B8BAF1 /* iFW.app */ = {isa = PBXFileReference; explicitFileType = wrapper.application; includeInIndex = 0; path = iFW.app; sourceTree = BUILT_PRODUCTS_DIR; };
		BC2368721CA913F600B8BAF1 /* AppDelegate.swift */ = {isa = PBXFileReference; lastKnownFileType = sourcecode.swift; path = AppDelegate.swift; sourceTree = "<group>"; };
		BC2368741CA913F600B8BAF1 /* ViewController.swift */ = {isa = PBXFileReference; lastKnownFileType = sourcecode.swift; path = ViewController.swift; sourceTree = "<group>"; };
		BC2368771CA913F600B8BAF1 /* Base */ = {isa = PBXFileReference; lastKnownFileType = file.storyboard; name = Base; path = Base.lproj/Main.storyboard; sourceTree = "<group>"; };
		BC23687A1CA913F600B8BAF1 /* iFW.xcdatamodel */ = {isa = PBXFileReference; lastKnownFileType = wrapper.xcdatamodel; path = iFW.xcdatamodel; sourceTree = "<group>"; };
		BC23687C1CA913F600B8BAF1 /* Assets.xcassets */ = {isa = PBXFileReference; lastKnownFileType = folder.assetcatalog; path = Assets.xcassets; sourceTree = "<group>"; };
		BC23687F1CA913F600B8BAF1 /* Base */ = {isa = PBXFileReference; lastKnownFileType = file.storyboard; name = Base; path = Base.lproj/LaunchScreen.storyboard; sourceTree = "<group>"; };
		BC2368811CA913F600B8BAF1 /* Info.plist */ = {isa = PBXFileReference; lastKnownFileType = text.plist.xml; path = Info.plist; sourceTree = "<group>"; };
		BC2368881CA9151500B8BAF1 /* APIManager.swift */ = {isa = PBXFileReference; fileEncoding = 4; lastKnownFileType = sourcecode.swift; path = APIManager.swift; sourceTree = "<group>"; };
		BC23688A1CA9153200B8BAF1 /* CoreData.framework */ = {isa = PBXFileReference; lastKnownFileType = wrapper.framework; name = CoreData.framework; path = System/Library/Frameworks/CoreData.framework; sourceTree = SDKROOT; };
		BC23688C1CA9164C00B8BAF1 /* Bridging.h */ = {isa = PBXFileReference; lastKnownFileType = sourcecode.c.h; path = Bridging.h; sourceTree = "<group>"; };
		BC23688E1CA9192E00B8BAF1 /* CDManager.swift */ = {isa = PBXFileReference; fileEncoding = 4; lastKnownFileType = sourcecode.swift; path = CDManager.swift; sourceTree = "<group>"; };
		BC33E2EB1CB2197A00E4885B /* NSDate+dateFromInternetDateTimeString.swift */ = {isa = PBXFileReference; fileEncoding = 4; lastKnownFileType = sourcecode.swift; path = "NSDate+dateFromInternetDateTimeString.swift"; sourceTree = "<group>"; };
		BC33E2EC1CB2197A00E4885B /* RSSFeed.swift */ = {isa = PBXFileReference; fileEncoding = 4; lastKnownFileType = sourcecode.swift; path = RSSFeed.swift; sourceTree = "<group>"; };
		BC33E2ED1CB2197A00E4885B /* RSSItem.swift */ = {isa = PBXFileReference; fileEncoding = 4; lastKnownFileType = sourcecode.swift; path = RSSItem.swift; sourceTree = "<group>"; };
		BC33E2EE1CB2197A00E4885B /* RSSParser.swift */ = {isa = PBXFileReference; fileEncoding = 4; lastKnownFileType = sourcecode.swift; path = RSSParser.swift; sourceTree = "<group>"; };
		BC33E2EF1CB2197A00E4885B /* String+imageLinksFromHTML.swift */ = {isa = PBXFileReference; fileEncoding = 4; lastKnownFileType = sourcecode.swift; path = "String+imageLinksFromHTML.swift"; sourceTree = "<group>"; };
		BCA2F6DB1CAD10D000EF3DEB /* FirmwareTableViewController.swift */ = {isa = PBXFileReference; fileEncoding = 4; lastKnownFileType = sourcecode.swift; path = FirmwareTableViewController.swift; sourceTree = "<group>"; };
		BCA4C4651CAF382500B8BF89 /* condensed.json */ = {isa = PBXFileReference; fileEncoding = 4; lastKnownFileType = text.json; name = condensed.json; path = ifw.xcappdata/AppData/Documents/condensed.json; sourceTree = "<group>"; };
		BCBFFE431CB1EFFF00774B09 /* NewsTableViewController.swift */ = {isa = PBXFileReference; fileEncoding = 4; lastKnownFileType = sourcecode.swift; path = NewsTableViewController.swift; sourceTree = "<group>"; };
		DCFE080160018AEC872778E1 /* Pods.debug.xcconfig */ = {isa = PBXFileReference; includeInIndex = 1; lastKnownFileType = text.xcconfig; name = Pods.debug.xcconfig; path = "Pods/Target Support Files/Pods/Pods.debug.xcconfig"; sourceTree = "<group>"; };
/* End PBXFileReference section */

/* Begin PBXFrameworksBuildPhase section */
		BC23686C1CA913F600B8BAF1 /* Frameworks */ = {
			isa = PBXFrameworksBuildPhase;
			buildActionMask = 2147483647;
			files = (
				BC23688B1CA9153200B8BAF1 /* CoreData.framework in Frameworks */,
				FA2EDC4515DA770E7773A597 /* Pods.framework in Frameworks */,
			);
			runOnlyForDeploymentPostprocessing = 0;
		};
/* End PBXFrameworksBuildPhase section */

/* Begin PBXGroup section */
		439E9B63ED72FB02D23075D9 /* Frameworks */ = {
			isa = PBXGroup;
			children = (
				0DC13062FF210198DFE806AA /* Pods.framework */,
			);
			name = Frameworks;
			sourceTree = "<group>";
		};
		74D45791E825BAF86A06A195 /* Pods */ = {
			isa = PBXGroup;
			children = (
				DCFE080160018AEC872778E1 /* Pods.debug.xcconfig */,
				5DBAF013688991A1F014F1B0 /* Pods.release.xcconfig */,
			);
			name = Pods;
			sourceTree = "<group>";
		};
		BC2368661CA913F600B8BAF1 = {
			isa = PBXGroup;
			children = (
				BC23688A1CA9153200B8BAF1 /* CoreData.framework */,
				BC2368711CA913F600B8BAF1 /* iFW */,
				BC2368701CA913F600B8BAF1 /* Products */,
				74D45791E825BAF86A06A195 /* Pods */,
				439E9B63ED72FB02D23075D9 /* Frameworks */,
			);
			sourceTree = "<group>";
		};
		BC2368701CA913F600B8BAF1 /* Products */ = {
			isa = PBXGroup;
			children = (
				BC23686F1CA913F600B8BAF1 /* iFW.app */,
			);
			name = Products;
			sourceTree = "<group>";
		};
		BC2368711CA913F600B8BAF1 /* iFW */ = {
			isa = PBXGroup;
			children = (
				BC33E2EA1CB2196900E4885B /* SwiftRSS */,
				BC2368871CA913FC00B8BAF1 /* API Manager */,
				BC23688D1CA9191B00B8BAF1 /* Core Data Manager */,
				BC90BA101CB1C9E000F4FA67 /* Core Data Objects */,
				BC2368721CA913F600B8BAF1 /* AppDelegate.swift */,
				BCA2F6DB1CAD10D000EF3DEB /* FirmwareTableViewController.swift */,
				BC2368741CA913F600B8BAF1 /* ViewController.swift */,
				BC2368761CA913F600B8BAF1 /* Main.storyboard */,
				BCBFFE431CB1EFFF00774B09 /* NewsTableViewController.swift */,
				BC23687C1CA913F600B8BAF1 /* Assets.xcassets */,
				BC23687E1CA913F600B8BAF1 /* LaunchScreen.storyboard */,
				BC2368811CA913F600B8BAF1 /* Info.plist */,
				BC2368791CA913F600B8BAF1 /* iFW.xcdatamodeld */,
				BC23688C1CA9164C00B8BAF1 /* Bridging.h */,
			);
			path = iFW;
			sourceTree = "<group>";
		};
		BC2368871CA913FC00B8BAF1 /* API Manager */ = {
			isa = PBXGroup;
			children = (
				BC2368881CA9151500B8BAF1 /* APIManager.swift */,
				BCA4C4651CAF382500B8BF89 /* condensed.json */,
			);
			name = "API Manager";
			sourceTree = "<group>";
		};
		BC23688D1CA9191B00B8BAF1 /* Core Data Manager */ = {
			isa = PBXGroup;
			children = (
				BC23688E1CA9192E00B8BAF1 /* CDManager.swift */,
			);
			name = "Core Data Manager";
			sourceTree = "<group>";
		};
		BC33E2EA1CB2196900E4885B /* SwiftRSS */ = {
			isa = PBXGroup;
			children = (
				BC33E2EB1CB2197A00E4885B /* NSDate+dateFromInternetDateTimeString.swift */,
				BC33E2EC1CB2197A00E4885B /* RSSFeed.swift */,
				BC33E2ED1CB2197A00E4885B /* RSSItem.swift */,
				BC33E2EE1CB2197A00E4885B /* RSSParser.swift */,
				BC33E2EF1CB2197A00E4885B /* String+imageLinksFromHTML.swift */,
			);
			name = SwiftRSS;
			sourceTree = "<group>";
		};
		BC90BA101CB1C9E000F4FA67 /* Core Data Objects */ = {
			isa = PBXGroup;
			children = (
				BC1D83111CAA80B50053DD3F /* Device+CoreDataProperties.swift */,
				BC1D83121CAA80B50053DD3F /* Device.swift */,
				BC1D83131CAA80B50053DD3F /* Firmware+CoreDataProperties.swift */,
				BC1D83141CAA80B50053DD3F /* Firmware.swift */,
			);
			name = "Core Data Objects";
			sourceTree = "<group>";
		};
/* End PBXGroup section */

/* Begin PBXNativeTarget section */
		BC23686E1CA913F600B8BAF1 /* iFW */ = {
			isa = PBXNativeTarget;
			buildConfigurationList = BC2368841CA913F600B8BAF1 /* Build configuration list for PBXNativeTarget "iFW" */;
			buildPhases = (
				BCEC60751CB0B9B000ED0252 /* Run Script */,
				CCE671093A21EB6688BB85DD /* Check Pods Manifest.lock */,
				BC23686B1CA913F600B8BAF1 /* Sources */,
				BC23686C1CA913F600B8BAF1 /* Frameworks */,
				BC23686D1CA913F600B8BAF1 /* Resources */,
				EB154629C7429D299982DFF8 /* Embed Pods Frameworks */,
				275AF853E8D23677CC16AF25 /* Copy Pods Resources */,
			);
			buildRules = (
			);
			dependencies = (
			);
			name = iFW;
			productName = iFW;
			productReference = BC23686F1CA913F600B8BAF1 /* iFW.app */;
			productType = "com.apple.product-type.application";
		};
/* End PBXNativeTarget section */

/* Begin PBXProject section */
		BC2368671CA913F600B8BAF1 /* Project object */ = {
			isa = PBXProject;
			attributes = {
				LastSwiftUpdateCheck = 0730;
				LastUpgradeCheck = 0730;
				ORGANIZATIONNAME = "George Dan";
				TargetAttributes = {
					BC23686E1CA913F600B8BAF1 = {
						CreatedOnToolsVersion = 7.3;
					};
				};
			};
			buildConfigurationList = BC23686A1CA913F600B8BAF1 /* Build configuration list for PBXProject "iFW" */;
			compatibilityVersion = "Xcode 3.2";
			developmentRegion = English;
			hasScannedForEncodings = 0;
			knownRegions = (
				en,
				Base,
			);
			mainGroup = BC2368661CA913F600B8BAF1;
			productRefGroup = BC2368701CA913F600B8BAF1 /* Products */;
			projectDirPath = "";
			projectRoot = "";
			targets = (
				BC23686E1CA913F600B8BAF1 /* iFW */,
			);
		};
/* End PBXProject section */

/* Begin PBXResourcesBuildPhase section */
		BC23686D1CA913F600B8BAF1 /* Resources */ = {
			isa = PBXResourcesBuildPhase;
			buildActionMask = 2147483647;
			files = (
				BC2368801CA913F600B8BAF1 /* LaunchScreen.storyboard in Resources */,
				BCA4C4661CAF382500B8BF89 /* condensed.json in Resources */,
				BC23687D1CA913F600B8BAF1 /* Assets.xcassets in Resources */,
				BC2368781CA913F600B8BAF1 /* Main.storyboard in Resources */,
			);
			runOnlyForDeploymentPostprocessing = 0;
		};
/* End PBXResourcesBuildPhase section */

/* Begin PBXShellScriptBuildPhase section */
		275AF853E8D23677CC16AF25 /* Copy Pods Resources */ = {
			isa = PBXShellScriptBuildPhase;
			buildActionMask = 2147483647;
			files = (
			);
			inputPaths = (
			);
			name = "Copy Pods Resources";
			outputPaths = (
			);
			runOnlyForDeploymentPostprocessing = 0;
			shellPath = /bin/sh;
			shellScript = "\"${SRCROOT}/Pods/Target Support Files/Pods/Pods-resources.sh\"\n";
			showEnvVarsInLog = 0;
		};
		BCEC60751CB0B9B000ED0252 /* Run Script */ = {
			isa = PBXShellScriptBuildPhase;
			buildActionMask = 2147483647;
			files = (
			);
			inputPaths = (
			);
			name = "Run Script";
			outputPaths = (
			);
			runOnlyForDeploymentPostprocessing = 0;
			shellPath = /bin/sh;
			shellScript = "TAGS=\"TODO:\"\necho \"searching ${SRCROOT} for ${TAGS}\"\nfind \"${SRCROOT}\" \\( -name \"*.swift\" \\) -print0 | xargs -0 egrep --with-filename --line-number --only-matching \"($TAGS).*\\$\" | perl -p -e \"s/($TAGS)/ warning: \\$1/\"";
		};
		CCE671093A21EB6688BB85DD /* Check Pods Manifest.lock */ = {
			isa = PBXShellScriptBuildPhase;
			buildActionMask = 2147483647;
			files = (
			);
			inputPaths = (
			);
			name = "Check Pods Manifest.lock";
			outputPaths = (
			);
			runOnlyForDeploymentPostprocessing = 0;
			shellPath = /bin/sh;
			shellScript = "diff \"${PODS_ROOT}/../Podfile.lock\" \"${PODS_ROOT}/Manifest.lock\" > /dev/null\nif [[ $? != 0 ]] ; then\n    cat << EOM\nerror: The sandbox is not in sync with the Podfile.lock. Run 'pod install' or update your CocoaPods installation.\nEOM\n    exit 1\nfi\n";
			showEnvVarsInLog = 0;
		};
		EB154629C7429D299982DFF8 /* Embed Pods Frameworks */ = {
			isa = PBXShellScriptBuildPhase;
			buildActionMask = 2147483647;
			files = (
			);
			inputPaths = (
			);
			name = "Embed Pods Frameworks";
			outputPaths = (
			);
			runOnlyForDeploymentPostprocessing = 0;
			shellPath = /bin/sh;
			shellScript = "\"${SRCROOT}/Pods/Target Support Files/Pods/Pods-frameworks.sh\"\n";
			showEnvVarsInLog = 0;
		};
/* End PBXShellScriptBuildPhase section */

/* Begin PBXSourcesBuildPhase section */
		BC23686B1CA913F600B8BAF1 /* Sources */ = {
			isa = PBXSourcesBuildPhase;
			buildActionMask = 2147483647;
			files = (
				BC33E2F11CB2197A00E4885B /* RSSFeed.swift in Sources */,
				BCA2F6DC1CAD10D000EF3DEB /* FirmwareTableViewController.swift in Sources */,
				BC1D83181CAA80B50053DD3F /* Firmware.swift in Sources */,
				BC33E2F21CB2197A00E4885B /* RSSItem.swift in Sources */,
				BC33E2F31CB2197A00E4885B /* RSSParser.swift in Sources */,
				BC2368891CA9151500B8BAF1 /* APIManager.swift in Sources */,
				BC1D83151CAA80B50053DD3F /* Device+CoreDataProperties.swift in Sources */,
				BCBFFE441CB1EFFF00774B09 /* NewsTableViewController.swift in Sources */,
				BC23688F1CA9192E00B8BAF1 /* CDManager.swift in Sources */,
				BC33E2F41CB2197A00E4885B /* String+imageLinksFromHTML.swift in Sources */,
				BC2368751CA913F600B8BAF1 /* ViewController.swift in Sources */,
				BC33E2F01CB2197A00E4885B /* NSDate+dateFromInternetDateTimeString.swift in Sources */,
				BC1D83171CAA80B50053DD3F /* Firmware+CoreDataProperties.swift in Sources */,
				BC23687B1CA913F600B8BAF1 /* iFW.xcdatamodeld in Sources */,
				BC1D83161CAA80B50053DD3F /* Device.swift in Sources */,
				BC2368731CA913F600B8BAF1 /* AppDelegate.swift in Sources */,
			);
			runOnlyForDeploymentPostprocessing = 0;
		};
/* End PBXSourcesBuildPhase section */

/* Begin PBXVariantGroup section */
		BC2368761CA913F600B8BAF1 /* Main.storyboard */ = {
			isa = PBXVariantGroup;
			children = (
				BC2368771CA913F600B8BAF1 /* Base */,
			);
			name = Main.storyboard;
			sourceTree = "<group>";
		};
		BC23687E1CA913F600B8BAF1 /* LaunchScreen.storyboard */ = {
			isa = PBXVariantGroup;
			children = (
				BC23687F1CA913F600B8BAF1 /* Base */,
			);
			name = LaunchScreen.storyboard;
			sourceTree = "<group>";
		};
/* End PBXVariantGroup section */

/* Begin XCBuildConfiguration section */
		BC2368821CA913F600B8BAF1 /* Debug */ = {
			isa = XCBuildConfiguration;
			buildSettings = {
				ALWAYS_SEARCH_USER_PATHS = NO;
				CLANG_ANALYZER_NONNULL = YES;
				CLANG_CXX_LANGUAGE_STANDARD = "gnu++0x";
				CLANG_CXX_LIBRARY = "libc++";
				CLANG_ENABLE_MODULES = YES;
				CLANG_ENABLE_OBJC_ARC = YES;
				CLANG_WARN_BOOL_CONVERSION = YES;
				CLANG_WARN_CONSTANT_CONVERSION = YES;
				CLANG_WARN_DIRECT_OBJC_ISA_USAGE = YES_ERROR;
				CLANG_WARN_EMPTY_BODY = YES;
				CLANG_WARN_ENUM_CONVERSION = YES;
				CLANG_WARN_INT_CONVERSION = YES;
				CLANG_WARN_OBJC_ROOT_CLASS = YES_ERROR;
				CLANG_WARN_UNREACHABLE_CODE = YES;
				CLANG_WARN__DUPLICATE_METHOD_MATCH = YES;
				"CODE_SIGN_IDENTITY[sdk=iphoneos*]" = "iPhone Developer";
				COPY_PHASE_STRIP = NO;
				DEBUG_INFORMATION_FORMAT = dwarf;
				ENABLE_STRICT_OBJC_MSGSEND = YES;
				ENABLE_TESTABILITY = YES;
				GCC_C_LANGUAGE_STANDARD = gnu99;
				GCC_DYNAMIC_NO_PIC = NO;
				GCC_NO_COMMON_BLOCKS = YES;
				GCC_OPTIMIZATION_LEVEL = 0;
				GCC_PREPROCESSOR_DEFINITIONS = (
					"DEBUG=1",
					"$(inherited)",
				);
				GCC_WARN_64_TO_32_BIT_CONVERSION = YES;
				GCC_WARN_ABOUT_RETURN_TYPE = YES_ERROR;
				GCC_WARN_UNDECLARED_SELECTOR = YES;
				GCC_WARN_UNINITIALIZED_AUTOS = YES_AGGRESSIVE;
				GCC_WARN_UNUSED_FUNCTION = YES;
				GCC_WARN_UNUSED_VARIABLE = YES;
				IPHONEOS_DEPLOYMENT_TARGET = 9.3;
				MTL_ENABLE_DEBUG_INFO = YES;
				ONLY_ACTIVE_ARCH = YES;
				SDKROOT = iphoneos;
				SWIFT_OPTIMIZATION_LEVEL = "-Onone";
			};
			name = Debug;
		};
		BC2368831CA913F600B8BAF1 /* Release */ = {
			isa = XCBuildConfiguration;
			buildSettings = {
				ALWAYS_SEARCH_USER_PATHS = NO;
				CLANG_ANALYZER_NONNULL = YES;
				CLANG_CXX_LANGUAGE_STANDARD = "gnu++0x";
				CLANG_CXX_LIBRARY = "libc++";
				CLANG_ENABLE_MODULES = YES;
				CLANG_ENABLE_OBJC_ARC = YES;
				CLANG_WARN_BOOL_CONVERSION = YES;
				CLANG_WARN_CONSTANT_CONVERSION = YES;
				CLANG_WARN_DIRECT_OBJC_ISA_USAGE = YES_ERROR;
				CLANG_WARN_EMPTY_BODY = YES;
				CLANG_WARN_ENUM_CONVERSION = YES;
				CLANG_WARN_INT_CONVERSION = YES;
				CLANG_WARN_OBJC_ROOT_CLASS = YES_ERROR;
				CLANG_WARN_UNREACHABLE_CODE = YES;
				CLANG_WARN__DUPLICATE_METHOD_MATCH = YES;
				"CODE_SIGN_IDENTITY[sdk=iphoneos*]" = "iPhone Developer";
				COPY_PHASE_STRIP = NO;
				DEBUG_INFORMATION_FORMAT = "dwarf-with-dsym";
				ENABLE_NS_ASSERTIONS = NO;
				ENABLE_STRICT_OBJC_MSGSEND = YES;
				GCC_C_LANGUAGE_STANDARD = gnu99;
				GCC_NO_COMMON_BLOCKS = YES;
				GCC_WARN_64_TO_32_BIT_CONVERSION = YES;
				GCC_WARN_ABOUT_RETURN_TYPE = YES_ERROR;
				GCC_WARN_UNDECLARED_SELECTOR = YES;
				GCC_WARN_UNINITIALIZED_AUTOS = YES_AGGRESSIVE;
				GCC_WARN_UNUSED_FUNCTION = YES;
				GCC_WARN_UNUSED_VARIABLE = YES;
				IPHONEOS_DEPLOYMENT_TARGET = 9.3;
				MTL_ENABLE_DEBUG_INFO = NO;
				SDKROOT = iphoneos;
				VALIDATE_PRODUCT = YES;
			};
			name = Release;
		};
		BC2368851CA913F600B8BAF1 /* Debug */ = {
			isa = XCBuildConfiguration;
			baseConfigurationReference = DCFE080160018AEC872778E1 /* Pods.debug.xcconfig */;
			buildSettings = {
				ASSETCATALOG_COMPILER_APPICON_NAME = AppIcon;
				INFOPLIST_FILE = iFW/Info.plist;
				IPHONEOS_DEPLOYMENT_TARGET = 9.0;
				LD_RUNPATH_SEARCH_PATHS = "$(inherited) @executable_path/Frameworks";
				PRODUCT_BUNDLE_IDENTIFIER = com.ninjaprawn.iFW;
				PRODUCT_NAME = "$(TARGET_NAME)";
				SWIFT_OBJC_BRIDGING_HEADER = iFW/Bridging.h;
			};
			name = Debug;
		};
		BC2368861CA913F600B8BAF1 /* Release */ = {
			isa = XCBuildConfiguration;
			baseConfigurationReference = 5DBAF013688991A1F014F1B0 /* Pods.release.xcconfig */;
			buildSettings = {
				ASSETCATALOG_COMPILER_APPICON_NAME = AppIcon;
				INFOPLIST_FILE = iFW/Info.plist;
				IPHONEOS_DEPLOYMENT_TARGET = 9.0;
				LD_RUNPATH_SEARCH_PATHS = "$(inherited) @executable_path/Frameworks";
				PRODUCT_BUNDLE_IDENTIFIER = com.ninjaprawn.iFW;
				PRODUCT_NAME = "$(TARGET_NAME)";
				SWIFT_OBJC_BRIDGING_HEADER = iFW/Bridging.h;
			};
			name = Release;
		};
/* End XCBuildConfiguration section */

/* Begin XCConfigurationList section */
		BC23686A1CA913F600B8BAF1 /* Build configuration list for PBXProject "iFW" */ = {
			isa = XCConfigurationList;
			buildConfigurations = (
				BC2368821CA913F600B8BAF1 /* Debug */,
				BC2368831CA913F600B8BAF1 /* Release */,
			);
			defaultConfigurationIsVisible = 0;
			defaultConfigurationName = Release;
		};
		BC2368841CA913F600B8BAF1 /* Build configuration list for PBXNativeTarget "iFW" */ = {
			isa = XCConfigurationList;
			buildConfigurations = (
				BC2368851CA913F600B8BAF1 /* Debug */,
				BC2368861CA913F600B8BAF1 /* Release */,
			);
			defaultConfigurationIsVisible = 0;
			defaultConfigurationName = Release;
		};
/* End XCConfigurationList section */

/* Begin XCVersionGroup section */
		BC2368791CA913F600B8BAF1 /* iFW.xcdatamodeld */ = {
			isa = XCVersionGroup;
			children = (
				BC23687A1CA913F600B8BAF1 /* iFW.xcdatamodel */,
			);
			currentVersion = BC23687A1CA913F600B8BAF1 /* iFW.xcdatamodel */;
			path = iFW.xcdatamodeld;
			sourceTree = "<group>";
			versionGroupType = wrapper.xcdatamodel;
		};
/* End XCVersionGroup section */
	};
	rootObject = BC2368671CA913F600B8BAF1 /* Project object */;
}
